
Microsoft Visual Studio Solution File, Format Version 12.00
# Visual Studio 15
VisualStudioVersion = 15.0.28307.329
MinimumVisualStudioVersion = 10.0.40219.1
Project("{FAE04EC0-301F-11D3-BF4B-00C04F79EFBC}") = "exercice9partie1jquery", "exercice9partie1jquery\exercice9partie1jquery.csproj", "{4A0055D5-D6C0-40B4-A593-2568ED6BAE57}"
EndProject
Global
	GlobalSection(SolutionConfigurationPlatforms) = preSolution
		Debug|Any CPU = Debug|Any CPU
		Release|Any CPU = Release|Any CPU
	EndGlobalSection
	GlobalSection(ProjectConfigurationPlatforms) = postSolution
		{4A0055D5-D6C0-40B4-A593-2568ED6BAE57}.Debug|Any CPU.ActiveCfg = Debug|Any CPU
		{4A0055D5-D6C0-40B4-A593-2568ED6BAE57}.Debug|Any CPU.Build.0 = Debug|Any CPU
		{4A0055D5-D6C0-40B4-A593-2568ED6BAE57}.Release|Any CPU.ActiveCfg = Release|Any CPU
		{4A0055D5-D6C0-40B4-A593-2568ED6BAE57}.Release|Any CPU.Build.0 = Release|Any CPU
	EndGlobalSection
	GlobalSection(SolutionProperties) = preSolution
		HideSolutionNode = FALSE
	EndGlobalSection
	GlobalSection(ExtensibilityGlobals) = postSolution
		SolutionGuid = {B2ABB60F-2D7B-4684-8DF7-DC29A7FAF423}
	EndGlobalSection
EndGlobal
