
Microsoft Visual Studio Solution File, Format Version 12.00
# Visual Studio 15
VisualStudioVersion = 15.0.28307.329
MinimumVisualStudioVersion = 10.0.40219.1
Project("{FAE04EC0-301F-11D3-BF4B-00C04F79EFBC}") = "exercice6partie1jquery", "exercice6partie1jquery\exercice6partie1jquery.csproj", "{969586F5-F766-4EDD-8688-4D3CBBC7428E}"
EndProject
Global
	GlobalSection(SolutionConfigurationPlatforms) = preSolution
		Debug|Any CPU = Debug|Any CPU
		Release|Any CPU = Release|Any CPU
	EndGlobalSection
	GlobalSection(ProjectConfigurationPlatforms) = postSolution
		{969586F5-F766-4EDD-8688-4D3CBBC7428E}.Debug|Any CPU.ActiveCfg = Debug|Any CPU
		{969586F5-F766-4EDD-8688-4D3CBBC7428E}.Debug|Any CPU.Build.0 = Debug|Any CPU
		{969586F5-F766-4EDD-8688-4D3CBBC7428E}.Release|Any CPU.ActiveCfg = Release|Any CPU
		{969586F5-F766-4EDD-8688-4D3CBBC7428E}.Release|Any CPU.Build.0 = Release|Any CPU
	EndGlobalSection
	GlobalSection(SolutionProperties) = preSolution
		HideSolutionNode = FALSE
	EndGlobalSection
	GlobalSection(ExtensibilityGlobals) = postSolution
		SolutionGuid = {24BDE127-2F54-4AF6-9E4D-0C2FB4FF1A73}
	EndGlobalSection
EndGlobal
