
Microsoft Visual Studio Solution File, Format Version 12.00
# Visual Studio 15
VisualStudioVersion = 15.0.28307.329
MinimumVisualStudioVersion = 10.0.40219.1
Project("{FAE04EC0-301F-11D3-BF4B-00C04F79EFBC}") = "exercice3partie3jquery", "exercice3partie3jquery\exercice3partie3jquery.csproj", "{C3961C99-35E1-42F4-92B7-EEF7413DE97A}"
EndProject
Global
	GlobalSection(SolutionConfigurationPlatforms) = preSolution
		Debug|Any CPU = Debug|Any CPU
		Release|Any CPU = Release|Any CPU
	EndGlobalSection
	GlobalSection(ProjectConfigurationPlatforms) = postSolution
		{C3961C99-35E1-42F4-92B7-EEF7413DE97A}.Debug|Any CPU.ActiveCfg = Debug|Any CPU
		{C3961C99-35E1-42F4-92B7-EEF7413DE97A}.Debug|Any CPU.Build.0 = Debug|Any CPU
		{C3961C99-35E1-42F4-92B7-EEF7413DE97A}.Release|Any CPU.ActiveCfg = Release|Any CPU
		{C3961C99-35E1-42F4-92B7-EEF7413DE97A}.Release|Any CPU.Build.0 = Release|Any CPU
	EndGlobalSection
	GlobalSection(SolutionProperties) = preSolution
		HideSolutionNode = FALSE
	EndGlobalSection
	GlobalSection(ExtensibilityGlobals) = postSolution
		SolutionGuid = {BA332459-ADED-4C11-8883-D9018D2EC409}
	EndGlobalSection
EndGlobal
