
Microsoft Visual Studio Solution File, Format Version 12.00
# Visual Studio 15
VisualStudioVersion = 15.0.28307.329
MinimumVisualStudioVersion = 10.0.40219.1
Project("{FAE04EC0-301F-11D3-BF4B-00C04F79EFBC}") = "exercice10partie1jquery", "exercice10partie1jquery\exercice10partie1jquery.csproj", "{6E1C783C-D645-4823-8156-398BD20D6D83}"
EndProject
Global
	GlobalSection(SolutionConfigurationPlatforms) = preSolution
		Debug|Any CPU = Debug|Any CPU
		Release|Any CPU = Release|Any CPU
	EndGlobalSection
	GlobalSection(ProjectConfigurationPlatforms) = postSolution
		{6E1C783C-D645-4823-8156-398BD20D6D83}.Debug|Any CPU.ActiveCfg = Debug|Any CPU
		{6E1C783C-D645-4823-8156-398BD20D6D83}.Debug|Any CPU.Build.0 = Debug|Any CPU
		{6E1C783C-D645-4823-8156-398BD20D6D83}.Release|Any CPU.ActiveCfg = Release|Any CPU
		{6E1C783C-D645-4823-8156-398BD20D6D83}.Release|Any CPU.Build.0 = Release|Any CPU
	EndGlobalSection
	GlobalSection(SolutionProperties) = preSolution
		HideSolutionNode = FALSE
	EndGlobalSection
	GlobalSection(ExtensibilityGlobals) = postSolution
		SolutionGuid = {AB68F7CC-34FF-440F-A24D-44733949FB95}
	EndGlobalSection
EndGlobal
